
Microsoft Visual Studio Solution File, Format Version 12.00
# Visual Studio Version 18
VisualStudioVersion = 18.2.11415.280
MinimumVisualStudioVersion = 10.0.40219.1
Project("{FAE04EC0-301F-11D3-BF4B-00C04F79EFBC}") = "Droniverse.Community.API", "Droniverse.Community.API\Droniverse.Community.API.csproj", "{FD73A9E0-71D4-4807-82CD-6DD351023BB6}"
EndProject
Project("{FAE04EC0-301F-11D3-BF4B-00C04F79EFBC}") = "Droniverse.Community.Infrastructure", "Droniverse.Community.Infrastructure\Droniverse.Community.Infrastructure.csproj", "{32FCC09D-C8CC-4977-A3A6-D6867DD83BA5}"
EndProject
Project("{FAE04EC0-301F-11D3-BF4B-00C04F79EFBC}") = "Droniverse.Community.Application", "Droniverse.Community.Application\Droniverse.Community.Application.csproj", "{C7ADAD27-4EC2-44BE-A072-BA66D24FA638}"
EndProject
Project("{FAE04EC0-301F-11D3-BF4B-00C04F79EFBC}") = "Droniverse.Community.Domain", "Droniverse.Community.Domain\Droniverse.Community.Domain.csproj", "{2DCA1E2E-89D3-45D2-9821-FD983C8DAADE}"
EndProject
Project("{FAE04EC0-301F-11D3-BF4B-00C04F79EFBC}") = "Droniverse.Tests", "Droniverse.Tests\Droniverse.Tests.csproj", "{664FF17C-FE8D-4AA3-8B1A-EC1F3F328035}"
EndProject
Project("{2150E333-8FDC-42A3-9474-1A3956D46DE8}") = "Solution Items", "Solution Items", "{ACD68E08-454B-44F5-BB71-FAF8CF0D625E}"
	ProjectSection(SolutionItems) = preProject
		.env = .env
	EndProjectSection
EndProject
Global
	GlobalSection(SolutionConfigurationPlatforms) = preSolution
		Debug|Any CPU = Debug|Any CPU
		Release|Any CPU = Release|Any CPU
	EndGlobalSection
	GlobalSection(ProjectConfigurationPlatforms) = postSolution
		{FD73A9E0-71D4-4807-82CD-6DD351023BB6}.Debug|Any CPU.ActiveCfg = Debug|Any CPU
		{FD73A9E0-71D4-4807-82CD-6DD351023BB6}.Debug|Any CPU.Build.0 = Debug|Any CPU
		{FD73A9E0-71D4-4807-82CD-6DD351023BB6}.Release|Any CPU.ActiveCfg = Release|Any CPU
		{FD73A9E0-71D4-4807-82CD-6DD351023BB6}.Release|Any CPU.Build.0 = Release|Any CPU
		{32FCC09D-C8CC-4977-A3A6-D6867DD83BA5}.Debug|Any CPU.ActiveCfg = Debug|Any CPU
		{32FCC09D-C8CC-4977-A3A6-D6867DD83BA5}.Debug|Any CPU.Build.0 = Debug|Any CPU
		{32FCC09D-C8CC-4977-A3A6-D6867DD83BA5}.Release|Any CPU.ActiveCfg = Release|Any CPU
		{32FCC09D-C8CC-4977-A3A6-D6867DD83BA5}.Release|Any CPU.Build.0 = Release|Any CPU
		{C7ADAD27-4EC2-44BE-A072-BA66D24FA638}.Debug|Any CPU.ActiveCfg = Debug|Any CPU
		{C7ADAD27-4EC2-44BE-A072-BA66D24FA638}.Debug|Any CPU.Build.0 = Debug|Any CPU
		{C7ADAD27-4EC2-44BE-A072-BA66D24FA638}.Release|Any CPU.ActiveCfg = Release|Any CPU
		{C7ADAD27-4EC2-44BE-A072-BA66D24FA638}.Release|Any CPU.Build.0 = Release|Any CPU
		{2DCA1E2E-89D3-45D2-9821-FD983C8DAADE}.Debug|Any CPU.ActiveCfg = Debug|Any CPU
		{2DCA1E2E-89D3-45D2-9821-FD983C8DAADE}.Debug|Any CPU.Build.0 = Debug|Any CPU
		{2DCA1E2E-89D3-45D2-9821-FD983C8DAADE}.Release|Any CPU.ActiveCfg = Release|Any CPU
		{2DCA1E2E-89D3-45D2-9821-FD983C8DAADE}.Release|Any CPU.Build.0 = Release|Any CPU
		{664FF17C-FE8D-4AA3-8B1A-EC1F3F328035}.Debug|Any CPU.ActiveCfg = Debug|Any CPU
		{664FF17C-FE8D-4AA3-8B1A-EC1F3F328035}.Debug|Any CPU.Build.0 = Debug|Any CPU
		{664FF17C-FE8D-4AA3-8B1A-EC1F3F328035}.Release|Any CPU.ActiveCfg = Release|Any CPU
		{664FF17C-FE8D-4AA3-8B1A-EC1F3F328035}.Release|Any CPU.Build.0 = Release|Any CPU
	EndGlobalSection
	GlobalSection(SolutionProperties) = preSolution
		HideSolutionNode = FALSE
	EndGlobalSection
	GlobalSection(ExtensibilityGlobals) = postSolution
		SolutionGuid = {D9AC48BF-7F58-47EA-8515-1A2113B8DE39}
	EndGlobalSection
EndGlobal
